
Microsoft Visual Studio Solution File, Format Version 12.00
# Visual Studio 15
VisualStudioVersion = 15.0.27004.2006
MinimumVisualStudioVersion = 10.0.40219.1
Project("{FAE04EC0-301F-11D3-BF4B-00C04F79EFBC}") = "TheArtOfLewisMoorcroft.Core", "TheArtOfLewisMoorcroft.Core\TheArtOfLewisMoorcroft.Core.csproj", "{CE97DE7B-CE4A-4D18-954F-3413D9C7A744}"
EndProject
Global
	GlobalSection(SolutionConfigurationPlatforms) = preSolution
		Debug|Any CPU = Debug|Any CPU
		Release|Any CPU = Release|Any CPU
	EndGlobalSection
	GlobalSection(ProjectConfigurationPlatforms) = postSolution
		{CE97DE7B-CE4A-4D18-954F-3413D9C7A744}.Debug|Any CPU.ActiveCfg = Debug|Any CPU
		{CE97DE7B-CE4A-4D18-954F-3413D9C7A744}.Debug|Any CPU.Build.0 = Debug|Any CPU
		{CE97DE7B-CE4A-4D18-954F-3413D9C7A744}.Release|Any CPU.ActiveCfg = Release|Any CPU
		{CE97DE7B-CE4A-4D18-954F-3413D9C7A744}.Release|Any CPU.Build.0 = Release|Any CPU
	EndGlobalSection
	GlobalSection(SolutionProperties) = preSolution
		HideSolutionNode = FALSE
	EndGlobalSection
	GlobalSection(ExtensibilityGlobals) = postSolution
		SolutionGuid = {E199551E-6C2F-460A-90CF-32280B8A453B}
	EndGlobalSection
EndGlobal
